
Microsoft Visual Studio Solution File, Format Version 12.00
# Visual Studio Version 16
VisualStudioVersion = 16.0.29418.71
MinimumVisualStudioVersion = 10.0.40219.1
Project("{FAE04EC0-301F-11D3-BF4B-00C04F79EFBC}") = "Spotify", "Spotify\Spotify.csproj", "{ECA83083-AEA4-4577-9EB6-763BAB3F6F0C}"
EndProject
Global
	GlobalSection(SolutionConfigurationPlatforms) = preSolution
		Debug|Any CPU = Debug|Any CPU
		Release|Any CPU = Release|Any CPU
	EndGlobalSection
	GlobalSection(ProjectConfigurationPlatforms) = postSolution
		{ECA83083-AEA4-4577-9EB6-763BAB3F6F0C}.Debug|Any CPU.ActiveCfg = Debug|Any CPU
		{ECA83083-AEA4-4577-9EB6-763BAB3F6F0C}.Debug|Any CPU.Build.0 = Debug|Any CPU
		{ECA83083-AEA4-4577-9EB6-763BAB3F6F0C}.Release|Any CPU.ActiveCfg = Release|Any CPU
		{ECA83083-AEA4-4577-9EB6-763BAB3F6F0C}.Release|Any CPU.Build.0 = Release|Any CPU
	EndGlobalSection
	GlobalSection(SolutionProperties) = preSolution
		HideSolutionNode = FALSE
	EndGlobalSection
	GlobalSection(ExtensibilityGlobals) = postSolution
		SolutionGuid = {7259A05E-C83A-4253-A048-42EBC52AD67F}
	EndGlobalSection
EndGlobal
